
Microsoft Visual Studio Solution File, Format Version 12.00
# Visual Studio Version 16
VisualStudioVersion = 16.0.32630.194
MinimumVisualStudioVersion = 10.0.40219.1
Project("{FAE04EC0-301F-11D3-BF4B-00C04F79EFBC}") = "PayrollManagementSystem", "PayrollManagementSystem.csproj", "{BCAD65BA-4C2E-42A3-9EA2-BC84C3B6E588}"
EndProject
Global
	GlobalSection(SolutionConfigurationPlatforms) = preSolution
		Debug|Any CPU = Debug|Any CPU
		Release|Any CPU = Release|Any CPU
	EndGlobalSection
	GlobalSection(ProjectConfigurationPlatforms) = postSolution
		{BCAD65BA-4C2E-42A3-9EA2-BC84C3B6E588}.Debug|Any CPU.ActiveCfg = Debug|Any CPU
		{BCAD65BA-4C2E-42A3-9EA2-BC84C3B6E588}.Debug|Any CPU.Build.0 = Debug|Any CPU
		{BCAD65BA-4C2E-42A3-9EA2-BC84C3B6E588}.Release|Any CPU.ActiveCfg = Release|Any CPU
		{BCAD65BA-4C2E-42A3-9EA2-BC84C3B6E588}.Release|Any CPU.Build.0 = Release|Any CPU
	EndGlobalSection
	GlobalSection(SolutionProperties) = preSolution
		HideSolutionNode = FALSE
	EndGlobalSection
	GlobalSection(ExtensibilityGlobals) = postSolution
		SolutionGuid = {B9E14E43-A5A7-4813-AFAD-3BCAE3DEEBAA}
	EndGlobalSection
EndGlobal
